// !$*UTF8*$!
{
	archiveVersion = 1;
	classes = {
	};
	objectVersion = 51;
	objects = {

/* Begin PBXBuildFile section */
		CA14F17F24A8E65500A873E4 /* RealmViewModel.swift in Sources */ = {isa = PBXBuildFile; fileRef = CA14F17E24A8E65500A873E4 /* RealmViewModel.swift */; };
		CA21509824ADE2FE0061D140 /* DBWord.swift in Sources */ = {isa = PBXBuildFile; fileRef = CA21509724ADE2FE0061D140 /* DBWord.swift */; };
		CA2B7EBA249B476300F27825 /* MultipeerSession.swift in Sources */ = {isa = PBXBuildFile; fileRef = CA2B7EB9249B476300F27825 /* MultipeerSession.swift */; };
		CA2B7EBE249B491A00F27825 /* Utilities.swift in Sources */ = {isa = PBXBuildFile; fileRef = CA2B7EBD249B491A00F27825 /* Utilities.swift */; };
		CA57CD2A248E5B0300C9F0AD /* AppDelegate.swift in Sources */ = {isa = PBXBuildFile; fileRef = CA57CD29248E5B0300C9F0AD /* AppDelegate.swift */; };
		CA57CD2C248E5B0300C9F0AD /* SceneDelegate.swift in Sources */ = {isa = PBXBuildFile; fileRef = CA57CD2B248E5B0300C9F0AD /* SceneDelegate.swift */; };
		CA57CD2E248E5B0300C9F0AD /* ContentView.swift in Sources */ = {isa = PBXBuildFile; fileRef = CA57CD2D248E5B0300C9F0AD /* ContentView.swift */; };
		CA57CD30248E5B0700C9F0AD /* Assets.xcassets in Resources */ = {isa = PBXBuildFile; fileRef = CA57CD2F248E5B0700C9F0AD /* Assets.xcassets */; };
		CA57CD33248E5B0700C9F0AD /* Preview Assets.xcassets in Resources */ = {isa = PBXBuildFile; fileRef = CA57CD32248E5B0700C9F0AD /* Preview Assets.xcassets */; };
		CA57CD36248E5B0700C9F0AD /* LaunchScreen.storyboard in Resources */ = {isa = PBXBuildFile; fileRef = CA57CD34248E5B0700C9F0AD /* LaunchScreen.storyboard */; };
		CA57CD46248E5D3600C9F0AD /* ObjectDetector.mlmodel in Sources */ = {isa = PBXBuildFile; fileRef = CA57CD41248E5D3600C9F0AD /* ObjectDetector.mlmodel */; };
		CA60AAB624913B3F00760D5E /* VisionViewController.swift in Sources */ = {isa = PBXBuildFile; fileRef = CA60AAB424913B3E00760D5E /* VisionViewController.swift */; };
		CA60AAB724913B3F00760D5E /* ViewController.swift in Sources */ = {isa = PBXBuildFile; fileRef = CA60AAB524913B3F00760D5E /* ViewController.swift */; };
		CA60AABC24913C4100760D5E /* VisionScreen.storyboard in Resources */ = {isa = PBXBuildFile; fileRef = CA60AABA24913C4100760D5E /* VisionScreen.storyboard */; };
		CA60AACA2494BA0100760D5E /* VisionObjectRecognitionViewController.swift in Sources */ = {isa = PBXBuildFile; fileRef = CA60AAC92494BA0100760D5E /* VisionObjectRecognitionViewController.swift */; };
		CA60AAE22494E1E400760D5E /* Memo.storyboard in Resources */ = {isa = PBXBuildFile; fileRef = CA60AADB2494E1E400760D5E /* Memo.storyboard */; };
		CA60AAE32494E1E400760D5E /* ARMemoViewController.swift in Sources */ = {isa = PBXBuildFile; fileRef = CA60AADC2494E1E400760D5E /* ARMemoViewController.swift */; };
		CA60AAE52494E25D00760D5E /* MemoContainer.swift in Sources */ = {isa = PBXBuildFile; fileRef = CA60AAE42494E25D00760D5E /* MemoContainer.swift */; };
		CAAB693E24A25FEA00711DCB /* Extentios.swift in Sources */ = {isa = PBXBuildFile; fileRef = CAAB693224A25FEA00711DCB /* Extentios.swift */; };
		CAAB693F24A25FEA00711DCB /* GamesView.swift in Sources */ = {isa = PBXBuildFile; fileRef = CAAB693324A25FEA00711DCB /* GamesView.swift */; };
		CAAB694024A25FEA00711DCB /* ProfileView.swift in Sources */ = {isa = PBXBuildFile; fileRef = CAAB693424A25FEA00711DCB /* ProfileView.swift */; };
		CAAB694124A25FEA00711DCB /* WordDescriptionView.swift in Sources */ = {isa = PBXBuildFile; fileRef = CAAB693524A25FEA00711DCB /* WordDescriptionView.swift */; };
		CAAB694224A25FEA00711DCB /* LoginView.swift in Sources */ = {isa = PBXBuildFile; fileRef = CAAB693624A25FEA00711DCB /* LoginView.swift */; };
		CAAB694324A25FEA00711DCB /* DictionaryView.swift in Sources */ = {isa = PBXBuildFile; fileRef = CAAB693724A25FEA00711DCB /* DictionaryView.swift */; };
		CAAB694424A25FEA00711DCB /* LocationsView.swift in Sources */ = {isa = PBXBuildFile; fileRef = CAAB693824A25FEA00711DCB /* LocationsView.swift */; };
		CAAB694524A25FEA00711DCB /* RegistrationView.swift in Sources */ = {isa = PBXBuildFile; fileRef = CAAB693924A25FEA00711DCB /* RegistrationView.swift */; };
		CAAB694624A25FEA00711DCB /* MainView.swift in Sources */ = {isa = PBXBuildFile; fileRef = CAAB693A24A25FEA00711DCB /* MainView.swift */; };
		CAAB694724A25FEA00711DCB /* StatisticsView.swift in Sources */ = {isa = PBXBuildFile; fileRef = CAAB693B24A25FEA00711DCB /* StatisticsView.swift */; };
		CAAB694824A25FEA00711DCB /* TestsView.swift in Sources */ = {isa = PBXBuildFile; fileRef = CAAB693C24A25FEA00711DCB /* TestsView.swift */; };
		CAAB694924A25FEA00711DCB /* TestView.swift in Sources */ = {isa = PBXBuildFile; fileRef = CAAB693D24A25FEA00711DCB /* TestView.swift */; };
		CAAB694C24A25FF800711DCB /* Test.swift in Sources */ = {isa = PBXBuildFile; fileRef = CAAB694A24A25FF800711DCB /* Test.swift */; };
		CAAB694D24A25FF800711DCB /* Word.swift in Sources */ = {isa = PBXBuildFile; fileRef = CAAB694B24A25FF800711DCB /* Word.swift */; };
		CAFF60C8249F791B0019E8C2 /* Word.storyboard in Resources */ = {isa = PBXBuildFile; fileRef = CAFF60C0249F79190019E8C2 /* Word.storyboard */; };
		CAFF60CB249F791B0019E8C2 /* plane.usdz in Resources */ = {isa = PBXBuildFile; fileRef = CAFF60C4249F791B0019E8C2 /* plane.usdz */; };
		CAFF60CC249F791B0019E8C2 /* car.usdz in Resources */ = {isa = PBXBuildFile; fileRef = CAFF60C5249F791B0019E8C2 /* car.usdz */; };
		CAFF60CD249F791B0019E8C2 /* solider.usdz in Resources */ = {isa = PBXBuildFile; fileRef = CAFF60C6249F791B0019E8C2 /* solider.usdz */; };
		CAFF60CE249F791B0019E8C2 /* robot.usdz in Resources */ = {isa = PBXBuildFile; fileRef = CAFF60C7249F791B0019E8C2 /* robot.usdz */; };
		CAFF60D0249F79470019E8C2 /* WordContainer.swift in Sources */ = {isa = PBXBuildFile; fileRef = CAFF60CF249F79470019E8C2 /* WordContainer.swift */; };
		CAFF60D4249F7A730019E8C2 /* WordViewController.swift in Sources */ = {isa = PBXBuildFile; fileRef = CAFF60D3249F7A730019E8C2 /* WordViewController.swift */; };
		DA46E6A7824E4641BC6CB2DC /* Pods_AR_English.framework in Frameworks */ = {isa = PBXBuildFile; fileRef = 8B331A7EFE2442EABCC32888 /* Pods_AR_English.framework */; };
/* End PBXBuildFile section */

/* Begin PBXFileReference section */
		320EB6E5EC9E0C993228DE78 /* Pods-AR-English.release.xcconfig */ = {isa = PBXFileReference; includeInIndex = 1; lastKnownFileType = text.xcconfig; name = "Pods-AR-English.release.xcconfig"; path = "Target Support Files/Pods-AR-English/Pods-AR-English.release.xcconfig"; sourceTree = "<group>"; };
		7EAF92520AA78BF7908DD6D9 /* Pods-AR-English.debug.xcconfig */ = {isa = PBXFileReference; includeInIndex = 1; lastKnownFileType = text.xcconfig; name = "Pods-AR-English.debug.xcconfig"; path = "Target Support Files/Pods-AR-English/Pods-AR-English.debug.xcconfig"; sourceTree = "<group>"; };
		8B331A7EFE2442EABCC32888 /* Pods_AR_English.framework */ = {isa = PBXFileReference; explicitFileType = wrapper.framework; includeInIndex = 0; path = Pods_AR_English.framework; sourceTree = BUILT_PRODUCTS_DIR; };
		CA14F17E24A8E65500A873E4 /* RealmViewModel.swift */ = {isa = PBXFileReference; lastKnownFileType = sourcecode.swift; name = RealmViewModel.swift; path = "AR-English/RealmViewModel.swift"; sourceTree = SOURCE_ROOT; };
		CA21509724ADE2FE0061D140 /* DBWord.swift */ = {isa = PBXFileReference; lastKnownFileType = sourcecode.swift; path = DBWord.swift; sourceTree = "<group>"; };
		CA2B7EB9249B476300F27825 /* MultipeerSession.swift */ = {isa = PBXFileReference; fileEncoding = 4; lastKnownFileType = sourcecode.swift; path = MultipeerSession.swift; sourceTree = "<group>"; };
		CA2B7EBD249B491A00F27825 /* Utilities.swift */ = {isa = PBXFileReference; fileEncoding = 4; lastKnownFileType = sourcecode.swift; path = Utilities.swift; sourceTree = "<group>"; };
		CA57CD26248E5B0300C9F0AD /* AR-English.app */ = {isa = PBXFileReference; explicitFileType = wrapper.application; includeInIndex = 0; path = "AR-English.app"; sourceTree = BUILT_PRODUCTS_DIR; };
		CA57CD29248E5B0300C9F0AD /* AppDelegate.swift */ = {isa = PBXFileReference; lastKnownFileType = sourcecode.swift; path = AppDelegate.swift; sourceTree = "<group>"; };
		CA57CD2B248E5B0300C9F0AD /* SceneDelegate.swift */ = {isa = PBXFileReference; lastKnownFileType = sourcecode.swift; path = SceneDelegate.swift; sourceTree = "<group>"; };
		CA57CD2D248E5B0300C9F0AD /* ContentView.swift */ = {isa = PBXFileReference; lastKnownFileType = sourcecode.swift; path = ContentView.swift; sourceTree = "<group>"; };
		CA57CD2F248E5B0700C9F0AD /* Assets.xcassets */ = {isa = PBXFileReference; lastKnownFileType = folder.assetcatalog; path = Assets.xcassets; sourceTree = "<group>"; };
		CA57CD32248E5B0700C9F0AD /* Preview Assets.xcassets */ = {isa = PBXFileReference; lastKnownFileType = folder.assetcatalog; path = "Preview Assets.xcassets"; sourceTree = "<group>"; };
		CA57CD35248E5B0700C9F0AD /* Base */ = {isa = PBXFileReference; lastKnownFileType = file.storyboard; name = Base; path = Base.lproj/LaunchScreen.storyboard; sourceTree = "<group>"; };
		CA57CD37248E5B0700C9F0AD /* Info.plist */ = {isa = PBXFileReference; lastKnownFileType = text.plist.xml; path = Info.plist; sourceTree = "<group>"; };
		CA57CD41248E5D3600C9F0AD /* ObjectDetector.mlmodel */ = {isa = PBXFileReference; lastKnownFileType = file.mlmodel; path = ObjectDetector.mlmodel; sourceTree = "<group>"; };
		CA60AAB424913B3E00760D5E /* VisionViewController.swift */ = {isa = PBXFileReference; fileEncoding = 4; lastKnownFileType = sourcecode.swift; path = VisionViewController.swift; sourceTree = "<group>"; };
		CA60AAB524913B3F00760D5E /* ViewController.swift */ = {isa = PBXFileReference; fileEncoding = 4; lastKnownFileType = sourcecode.swift; path = ViewController.swift; sourceTree = "<group>"; };
		CA60AABA24913C4100760D5E /* VisionScreen.storyboard */ = {isa = PBXFileReference; fileEncoding = 4; lastKnownFileType = file.storyboard; path = VisionScreen.storyboard; sourceTree = "<group>"; };
		CA60AAC92494BA0100760D5E /* VisionObjectRecognitionViewController.swift */ = {isa = PBXFileReference; fileEncoding = 4; lastKnownFileType = sourcecode.swift; path = VisionObjectRecognitionViewController.swift; sourceTree = "<group>"; };
		CA60AADB2494E1E400760D5E /* Memo.storyboard */ = {isa = PBXFileReference; fileEncoding = 4; lastKnownFileType = file.storyboard; path = Memo.storyboard; sourceTree = "<group>"; };
		CA60AADC2494E1E400760D5E /* ARMemoViewController.swift */ = {isa = PBXFileReference; fileEncoding = 4; lastKnownFileType = sourcecode.swift; path = ARMemoViewController.swift; sourceTree = "<group>"; };
		CA60AAE42494E25D00760D5E /* MemoContainer.swift */ = {isa = PBXFileReference; lastKnownFileType = sourcecode.swift; path = MemoContainer.swift; sourceTree = "<group>"; };
		CAAB693224A25FEA00711DCB /* Extentios.swift */ = {isa = PBXFileReference; fileEncoding = 4; lastKnownFileType = sourcecode.swift; name = Extentios.swift; path = "AR-English/View/Auth/Extentios.swift"; sourceTree = SOURCE_ROOT; };
		CAAB693324A25FEA00711DCB /* GamesView.swift */ = {isa = PBXFileReference; fileEncoding = 4; lastKnownFileType = sourcecode.swift; name = GamesView.swift; path = "AR-English/View/Child Zone/GamesView.swift"; sourceTree = SOURCE_ROOT; };
		CAAB693424A25FEA00711DCB /* ProfileView.swift */ = {isa = PBXFileReference; fileEncoding = 4; lastKnownFileType = sourcecode.swift; name = ProfileView.swift; path = "AR-English/View/Parent Zone/ProfileView.swift"; sourceTree = SOURCE_ROOT; };
		CAAB693524A25FEA00711DCB /* WordDescriptionView.swift */ = {isa = PBXFileReference; fileEncoding = 4; lastKnownFileType = sourcecode.swift; name = WordDescriptionView.swift; path = "AR-English/View/Child Zone/WordDescriptionView.swift"; sourceTree = SOURCE_ROOT; };
		CAAB693624A25FEA00711DCB /* LoginView.swift */ = {isa = PBXFileReference; fileEncoding = 4; lastKnownFileType = sourcecode.swift; name = LoginView.swift; path = "AR-English/View/Auth/LoginView.swift"; sourceTree = SOURCE_ROOT; };
		CAAB693724A25FEA00711DCB /* DictionaryView.swift */ = {isa = PBXFileReference; fileEncoding = 4; lastKnownFileType = sourcecode.swift; name = DictionaryView.swift; path = "AR-English/View/Child Zone/DictionaryView.swift"; sourceTree = SOURCE_ROOT; };
		CAAB693824A25FEA00711DCB /* LocationsView.swift */ = {isa = PBXFileReference; fileEncoding = 4; lastKnownFileType = sourcecode.swift; name = LocationsView.swift; path = "AR-English/View/Child Zone/LocationsView.swift"; sourceTree = SOURCE_ROOT; };
		CAAB693924A25FEA00711DCB /* RegistrationView.swift */ = {isa = PBXFileReference; fileEncoding = 4; lastKnownFileType = sourcecode.swift; name = RegistrationView.swift; path = "AR-English/View/Auth/RegistrationView.swift"; sourceTree = SOURCE_ROOT; };
		CAAB693A24A25FEA00711DCB /* MainView.swift */ = {isa = PBXFileReference; fileEncoding = 4; lastKnownFileType = sourcecode.swift; name = MainView.swift; path = "AR-English/View/Child Zone/MainView.swift"; sourceTree = SOURCE_ROOT; };
		CAAB693B24A25FEA00711DCB /* StatisticsView.swift */ = {isa = PBXFileReference; fileEncoding = 4; lastKnownFileType = sourcecode.swift; name = StatisticsView.swift; path = "AR-English/View/Parent Zone/StatisticsView.swift"; sourceTree = SOURCE_ROOT; };
		CAAB693C24A25FEA00711DCB /* TestsView.swift */ = {isa = PBXFileReference; fileEncoding = 4; lastKnownFileType = sourcecode.swift; name = TestsView.swift; path = "AR-English/View/Child Zone/TestsView.swift"; sourceTree = SOURCE_ROOT; };
		CAAB693D24A25FEA00711DCB /* TestView.swift */ = {isa = PBXFileReference; fileEncoding = 4; lastKnownFileType = sourcecode.swift; name = TestView.swift; path = "AR-English/View/Child Zone/TestView.swift"; sourceTree = SOURCE_ROOT; };
		CAAB694A24A25FF800711DCB /* Test.swift */ = {isa = PBXFileReference; fileEncoding = 4; lastKnownFileType = sourcecode.swift; name = Test.swift; path = "AR-English/Test.swift"; sourceTree = SOURCE_ROOT; };
		CAAB694B24A25FF800711DCB /* Word.swift */ = {isa = PBXFileReference; fileEncoding = 4; lastKnownFileType = sourcecode.swift; name = Word.swift; path = "AR-English/Word.swift"; sourceTree = SOURCE_ROOT; };
		CAFF60C0249F79190019E8C2 /* Word.storyboard */ = {isa = PBXFileReference; fileEncoding = 4; lastKnownFileType = file.storyboard; path = Word.storyboard; sourceTree = "<group>"; };
		CAFF60C4249F791B0019E8C2 /* plane.usdz */ = {isa = PBXFileReference; lastKnownFileType = file.usdz; path = plane.usdz; sourceTree = "<group>"; };
		CAFF60C5249F791B0019E8C2 /* car.usdz */ = {isa = PBXFileReference; lastKnownFileType = file.usdz; path = car.usdz; sourceTree = "<group>"; };
		CAFF60C6249F791B0019E8C2 /* solider.usdz */ = {isa = PBXFileReference; lastKnownFileType = file.usdz; path = solider.usdz; sourceTree = "<group>"; };
		CAFF60C7249F791B0019E8C2 /* robot.usdz */ = {isa = PBXFileReference; lastKnownFileType = file.usdz; path = robot.usdz; sourceTree = "<group>"; };
		CAFF60CF249F79470019E8C2 /* WordContainer.swift */ = {isa = PBXFileReference; lastKnownFileType = sourcecode.swift; path = WordContainer.swift; sourceTree = "<group>"; };
		CAFF60D3249F7A730019E8C2 /* WordViewController.swift */ = {isa = PBXFileReference; lastKnownFileType = sourcecode.swift; path = WordViewController.swift; sourceTree = "<group>"; };
/* End PBXFileReference section */

/* Begin PBXFrameworksBuildPhase section */
		CA57CD23248E5B0300C9F0AD /* Frameworks */ = {
			isa = PBXFrameworksBuildPhase;
			buildActionMask = 2147483647;
			files = (
				DA46E6A7824E4641BC6CB2DC /* Pods_AR_English.framework in Frameworks */,
			);
			runOnlyForDeploymentPostprocessing = 0;
		};
/* End PBXFrameworksBuildPhase section */

/* Begin PBXGroup section */
		4846608203C1D2365B2D3D20 /* Frameworks */ = {
			isa = PBXGroup;
			children = (
				8B331A7EFE2442EABCC32888 /* Pods_AR_English.framework */,
			);
			name = Frameworks;
			sourceTree = "<group>";
		};
		63E9E4594ED897E66E57EE2F /* Pods */ = {
			isa = PBXGroup;
			children = (
				7EAF92520AA78BF7908DD6D9 /* Pods-AR-English.debug.xcconfig */,
				320EB6E5EC9E0C993228DE78 /* Pods-AR-English.release.xcconfig */,
			);
			path = Pods;
			sourceTree = "<group>";
		};
		CA21509624ADE2E10061D140 /* DBModel */ = {
			isa = PBXGroup;
			children = (
				CA21509724ADE2FE0061D140 /* DBWord.swift */,
			);
			path = DBModel;
			sourceTree = "<group>";
		};
		CA57CD1D248E5B0300C9F0AD = {
			isa = PBXGroup;
			children = (
				CA57CD28248E5B0300C9F0AD /* AR-English */,
				CA57CD27248E5B0300C9F0AD /* Products */,
				63E9E4594ED897E66E57EE2F /* Pods */,
				4846608203C1D2365B2D3D20 /* Frameworks */,
			);
			sourceTree = "<group>";
		};
		CA57CD27248E5B0300C9F0AD /* Products */ = {
			isa = PBXGroup;
			children = (
				CA57CD26248E5B0300C9F0AD /* AR-English.app */,
			);
			name = Products;
			sourceTree = "<group>";
		};
		CA57CD28248E5B0300C9F0AD /* AR-English */ = {
			isa = PBXGroup;
			children = (
				CA60AAB824913B7300760D5E /* ObjRecognition */,
				CAFF60BF249F788A0019E8C2 /* 3d word */,
				CA60AAD42494E1C100760D5E /* Memo */,
				CAAB695124A26D7900711DCB /* ViewModel */,
				CAAB693124A25FCA00711DCB /* Model */,
				CAAB693024A25FC400711DCB /* View */,
				CA57CD29248E5B0300C9F0AD /* AppDelegate.swift */,
				CA57CD2B248E5B0300C9F0AD /* SceneDelegate.swift */,
				CA57CD2F248E5B0700C9F0AD /* Assets.xcassets */,
				CA57CD34248E5B0700C9F0AD /* LaunchScreen.storyboard */,
				CA57CD37248E5B0700C9F0AD /* Info.plist */,
				CA57CD31248E5B0700C9F0AD /* Preview Content */,
			);
			path = "AR-English";
			sourceTree = "<group>";
		};
		CA57CD31248E5B0700C9F0AD /* Preview Content */ = {
			isa = PBXGroup;
			children = (
				CA57CD32248E5B0700C9F0AD /* Preview Assets.xcassets */,
			);
			path = "Preview Content";
			sourceTree = "<group>";
		};
		CA60AAB824913B7300760D5E /* ObjRecognition */ = {
			isa = PBXGroup;
			children = (
				CA60AAC92494BA0100760D5E /* VisionObjectRecognitionViewController.swift */,
				CA60AAB524913B3F00760D5E /* ViewController.swift */,
				CA60AAB424913B3E00760D5E /* VisionViewController.swift */,
				CA60AABA24913C4100760D5E /* VisionScreen.storyboard */,
				CA57CD41248E5D3600C9F0AD /* ObjectDetector.mlmodel */,
			);
			path = ObjRecognition;
			sourceTree = "<group>";
		};
		CA60AAD42494E1C100760D5E /* Memo */ = {
			isa = PBXGroup;
			children = (
				CA2B7EBD249B491A00F27825 /* Utilities.swift */,
				CA2B7EB9249B476300F27825 /* MultipeerSession.swift */,
				CA60AADC2494E1E400760D5E /* ARMemoViewController.swift */,
				CA60AADB2494E1E400760D5E /* Memo.storyboard */,
				CA60AAE42494E25D00760D5E /* MemoContainer.swift */,
			);
			path = Memo;
			sourceTree = "<group>";
		};
		CAAB693024A25FC400711DCB /* View */ = {
			isa = PBXGroup;
			children = (
				CAAB695024A26CFC00711DCB /* Child Zone */,
				CAAB694F24A26CF400711DCB /* Parent Zone */,
				CAAB694E24A26CEE00711DCB /* Auth */,
				CA57CD2D248E5B0300C9F0AD /* ContentView.swift */,
			);
			path = View;
			sourceTree = "<group>";
		};
		CAAB693124A25FCA00711DCB /* Model */ = {
			isa = PBXGroup;
			children = (
				CA21509624ADE2E10061D140 /* DBModel */,
				CAFF60C3249F791B0019E8C2 /* models */,
				CAAB694A24A25FF800711DCB /* Test.swift */,
				CAAB694B24A25FF800711DCB /* Word.swift */,
			);
			path = Model;
			sourceTree = "<group>";
		};
		CAAB694E24A26CEE00711DCB /* Auth */ = {
			isa = PBXGroup;
			children = (
				CAAB693224A25FEA00711DCB /* Extentios.swift */,
				CAAB693624A25FEA00711DCB /* LoginView.swift */,
				CAAB693924A25FEA00711DCB /* RegistrationView.swift */,
			);
			path = Auth;
			sourceTree = "<group>";
		};
		CAAB694F24A26CF400711DCB /* Parent Zone */ = {
			isa = PBXGroup;
			children = (
				CAAB693424A25FEA00711DCB /* ProfileView.swift */,
				CAAB693B24A25FEA00711DCB /* StatisticsView.swift */,
			);
			path = "Parent Zone";
			sourceTree = "<group>";
		};
		CAAB695024A26CFC00711DCB /* Child Zone */ = {
			isa = PBXGroup;
			children = (
				CAAB693A24A25FEA00711DCB /* MainView.swift */,
				CAAB693724A25FEA00711DCB /* DictionaryView.swift */,
				CAAB693324A25FEA00711DCB /* GamesView.swift */,
				CAAB693824A25FEA00711DCB /* LocationsView.swift */,
				CAAB693C24A25FEA00711DCB /* TestsView.swift */,
				CAAB693D24A25FEA00711DCB /* TestView.swift */,
				CAAB693524A25FEA00711DCB /* WordDescriptionView.swift */,
			);
			path = "Child Zone";
			sourceTree = "<group>";
		};
		CAAB695124A26D7900711DCB /* ViewModel */ = {
			isa = PBXGroup;
			children = (
				CA14F17E24A8E65500A873E4 /* RealmViewModel.swift */,
			);
			path = ViewModel;
			sourceTree = "<group>";
		};
		CAFF60BF249F788A0019E8C2 /* 3d word */ = {
			isa = PBXGroup;
			children = (
				CAFF60D3249F7A730019E8C2 /* WordViewController.swift */,
				CAFF60C0249F79190019E8C2 /* Word.storyboard */,
				CAFF60CF249F79470019E8C2 /* WordContainer.swift */,
			);
			path = "3d word";
			sourceTree = "<group>";
		};
		CAFF60C3249F791B0019E8C2 /* models */ = {
			isa = PBXGroup;
			children = (
				CAFF60C4249F791B0019E8C2 /* plane.usdz */,
				CAFF60C5249F791B0019E8C2 /* car.usdz */,
				CAFF60C6249F791B0019E8C2 /* solider.usdz */,
				CAFF60C7249F791B0019E8C2 /* robot.usdz */,
			);
			path = models;
			sourceTree = "<group>";
		};
/* End PBXGroup section */

/* Begin PBXNativeTarget section */
		CA57CD25248E5B0300C9F0AD /* AR-English */ = {
			isa = PBXNativeTarget;
			buildConfigurationList = CA57CD3A248E5B0700C9F0AD /* Build configuration list for PBXNativeTarget "AR-English" */;
			buildPhases = (
				9E5E7B7A91846A5818CFD138 /* [CP] Check Pods Manifest.lock */,
				CA57CD22248E5B0300C9F0AD /* Sources */,
				CA57CD23248E5B0300C9F0AD /* Frameworks */,
				CA57CD24248E5B0300C9F0AD /* Resources */,
				A1827727465D726CF27A406E /* [CP] Embed Pods Frameworks */,
			);
			buildRules = (
			);
			dependencies = (
			);
			name = "AR-English";
			productName = "AR-English";
			productReference = CA57CD26248E5B0300C9F0AD /* AR-English.app */;
			productType = "com.apple.product-type.application";
		};
/* End PBXNativeTarget section */

/* Begin PBXProject section */
		CA57CD1E248E5B0300C9F0AD /* Project object */ = {
			isa = PBXProject;
			attributes = {
				LastSwiftUpdateCheck = 1140;
				LastUpgradeCheck = 1140;
				ORGANIZATIONNAME = "Кристина Перегудова";
				TargetAttributes = {
					CA57CD25248E5B0300C9F0AD = {
						CreatedOnToolsVersion = 11.4;
					};
				};
			};
			buildConfigurationList = CA57CD21248E5B0300C9F0AD /* Build configuration list for PBXProject "AR-English" */;
			compatibilityVersion = "Xcode 9.3";
			developmentRegion = en;
			hasScannedForEncodings = 0;
			knownRegions = (
				en,
				Base,
			);
			mainGroup = CA57CD1D248E5B0300C9F0AD;
			productRefGroup = CA57CD27248E5B0300C9F0AD /* Products */;
			projectDirPath = "";
			projectRoot = "";
			targets = (
				CA57CD25248E5B0300C9F0AD /* AR-English */,
			);
		};
/* End PBXProject section */

/* Begin PBXResourcesBuildPhase section */
		CA57CD24248E5B0300C9F0AD /* Resources */ = {
			isa = PBXResourcesBuildPhase;
			buildActionMask = 2147483647;
			files = (
				CA60AAE22494E1E400760D5E /* Memo.storyboard in Resources */,
				CAFF60CB249F791B0019E8C2 /* plane.usdz in Resources */,
				CAFF60CC249F791B0019E8C2 /* car.usdz in Resources */,
				CA57CD36248E5B0700C9F0AD /* LaunchScreen.storyboard in Resources */,
				CA57CD33248E5B0700C9F0AD /* Preview Assets.xcassets in Resources */,
				CAFF60CE249F791B0019E8C2 /* robot.usdz in Resources */,
				CA60AABC24913C4100760D5E /* VisionScreen.storyboard in Resources */,
				CA57CD30248E5B0700C9F0AD /* Assets.xcassets in Resources */,
				CAFF60C8249F791B0019E8C2 /* Word.storyboard in Resources */,
				CAFF60CD249F791B0019E8C2 /* solider.usdz in Resources */,
			);
			runOnlyForDeploymentPostprocessing = 0;
		};
/* End PBXResourcesBuildPhase section */

/* Begin PBXShellScriptBuildPhase section */
		9E5E7B7A91846A5818CFD138 /* [CP] Check Pods Manifest.lock */ = {
			isa = PBXShellScriptBuildPhase;
			buildActionMask = 2147483647;
			files = (
			);
			inputFileListPaths = (
			);
			inputPaths = (
				"${PODS_PODFILE_DIR_PATH}/Podfile.lock",
				"${PODS_ROOT}/Manifest.lock",
			);
			name = "[CP] Check Pods Manifest.lock";
			outputFileListPaths = (
			);
			outputPaths = (
				"$(DERIVED_FILE_DIR)/Pods-AR-English-checkManifestLockResult.txt",
			);
			runOnlyForDeploymentPostprocessing = 0;
			shellPath = /bin/sh;
			shellScript = "diff \"${PODS_PODFILE_DIR_PATH}/Podfile.lock\" \"${PODS_ROOT}/Manifest.lock\" > /dev/null\nif [ $? != 0 ] ; then\n    # print error to STDERR\n    echo \"error: The sandbox is not in sync with the Podfile.lock. Run 'pod install' or update your CocoaPods installation.\" >&2\n    exit 1\nfi\n# This output is used by Xcode 'outputs' to avoid re-running this script phase.\necho \"SUCCESS\" > \"${SCRIPT_OUTPUT_FILE_0}\"\n";
			showEnvVarsInLog = 0;
		};
		A1827727465D726CF27A406E /* [CP] Embed Pods Frameworks */ = {
			isa = PBXShellScriptBuildPhase;
			buildActionMask = 2147483647;
			files = (
			);
			inputFileListPaths = (
				"${PODS_ROOT}/Target Support Files/Pods-AR-English/Pods-AR-English-frameworks-${CONFIGURATION}-input-files.xcfilelist",
			);
			name = "[CP] Embed Pods Frameworks";
			outputFileListPaths = (
				"${PODS_ROOT}/Target Support Files/Pods-AR-English/Pods-AR-English-frameworks-${CONFIGURATION}-output-files.xcfilelist",
			);
			runOnlyForDeploymentPostprocessing = 0;
			shellPath = /bin/sh;
			shellScript = "\"${PODS_ROOT}/Target Support Files/Pods-AR-English/Pods-AR-English-frameworks.sh\"\n";
			showEnvVarsInLog = 0;
		};
/* End PBXShellScriptBuildPhase section */

/* Begin PBXSourcesBuildPhase section */
		CA57CD22248E5B0300C9F0AD /* Sources */ = {
			isa = PBXSourcesBuildPhase;
			buildActionMask = 2147483647;
			files = (
				CA14F17F24A8E65500A873E4 /* RealmViewModel.swift in Sources */,
				CA60AAB724913B3F00760D5E /* ViewController.swift in Sources */,
				CAAB694924A25FEA00711DCB /* TestView.swift in Sources */,
				CA60AAE32494E1E400760D5E /* ARMemoViewController.swift in Sources */,
				CAAB694724A25FEA00711DCB /* StatisticsView.swift in Sources */,
				CAFF60D4249F7A730019E8C2 /* WordViewController.swift in Sources */,
				CAAB694524A25FEA00711DCB /* RegistrationView.swift in Sources */,
				CAAB693E24A25FEA00711DCB /* Extentios.swift in Sources */,
				CA2B7EBA249B476300F27825 /* MultipeerSession.swift in Sources */,
				CA57CD46248E5D3600C9F0AD /* ObjectDetector.mlmodel in Sources */,
				CAAB694624A25FEA00711DCB /* MainView.swift in Sources */,
				CA57CD2A248E5B0300C9F0AD /* AppDelegate.swift in Sources */,
				CAAB694D24A25FF800711DCB /* Word.swift in Sources */,
				CA57CD2C248E5B0300C9F0AD /* SceneDelegate.swift in Sources */,
				CAAB694324A25FEA00711DCB /* DictionaryView.swift in Sources */,
				CA21509824ADE2FE0061D140 /* DBWord.swift in Sources */,
				CAAB694024A25FEA00711DCB /* ProfileView.swift in Sources */,
				CA2B7EBE249B491A00F27825 /* Utilities.swift in Sources */,
				CAAB694124A25FEA00711DCB /* WordDescriptionView.swift in Sources */,
				CA60AAB624913B3F00760D5E /* VisionViewController.swift in Sources */,
				CAAB694824A25FEA00711DCB /* TestsView.swift in Sources */,
				CAAB694224A25FEA00711DCB /* LoginView.swift in Sources */,
				CAAB694C24A25FF800711DCB /* Test.swift in Sources */,
				CAFF60D0249F79470019E8C2 /* WordContainer.swift in Sources */,
				CA57CD2E248E5B0300C9F0AD /* ContentView.swift in Sources */,
				CAAB693F24A25FEA00711DCB /* GamesView.swift in Sources */,
				CAAB694424A25FEA00711DCB /* LocationsView.swift in Sources */,
				CA60AAE52494E25D00760D5E /* MemoContainer.swift in Sources */,
				CA60AACA2494BA0100760D5E /* VisionObjectRecognitionViewController.swift in Sources */,
			);
			runOnlyForDeploymentPostprocessing = 0;
		};
/* End PBXSourcesBuildPhase section */

/* Begin PBXVariantGroup section */
		CA57CD34248E5B0700C9F0AD /* LaunchScreen.storyboard */ = {
			isa = PBXVariantGroup;
			children = (
				CA57CD35248E5B0700C9F0AD /* Base */,
			);
			name = LaunchScreen.storyboard;
			sourceTree = "<group>";
		};
/* End PBXVariantGroup section */

/* Begin XCBuildConfiguration section */
		CA57CD38248E5B0700C9F0AD /* Debug */ = {
			isa = XCBuildConfiguration;
			buildSettings = {
				ALWAYS_SEARCH_USER_PATHS = NO;
				CLANG_ANALYZER_NONNULL = YES;
				CLANG_ANALYZER_NUMBER_OBJECT_CONVERSION = YES_AGGRESSIVE;
				CLANG_CXX_LANGUAGE_STANDARD = "gnu++14";
				CLANG_CXX_LIBRARY = "libc++";
				CLANG_ENABLE_MODULES = YES;
				CLANG_ENABLE_OBJC_ARC = YES;
				CLANG_ENABLE_OBJC_WEAK = YES;
				CLANG_WARN_BLOCK_CAPTURE_AUTORELEASING = YES;
				CLANG_WARN_BOOL_CONVERSION = YES;
				CLANG_WARN_COMMA = YES;
				CLANG_WARN_CONSTANT_CONVERSION = YES;
				CLANG_WARN_DEPRECATED_OBJC_IMPLEMENTATIONS = YES;
				CLANG_WARN_DIRECT_OBJC_ISA_USAGE = YES_ERROR;
				CLANG_WARN_DOCUMENTATION_COMMENTS = YES;
				CLANG_WARN_EMPTY_BODY = YES;
				CLANG_WARN_ENUM_CONVERSION = YES;
				CLANG_WARN_INFINITE_RECURSION = YES;
				CLANG_WARN_INT_CONVERSION = YES;
				CLANG_WARN_NON_LITERAL_NULL_CONVERSION = YES;
				CLANG_WARN_OBJC_IMPLICIT_RETAIN_SELF = YES;
				CLANG_WARN_OBJC_LITERAL_CONVERSION = YES;
				CLANG_WARN_OBJC_ROOT_CLASS = YES_ERROR;
				CLANG_WARN_RANGE_LOOP_ANALYSIS = YES;
				CLANG_WARN_STRICT_PROTOTYPES = YES;
				CLANG_WARN_SUSPICIOUS_MOVE = YES;
				CLANG_WARN_UNGUARDED_AVAILABILITY = YES_AGGRESSIVE;
				CLANG_WARN_UNREACHABLE_CODE = YES;
				CLANG_WARN__DUPLICATE_METHOD_MATCH = YES;
				COPY_PHASE_STRIP = NO;
				DEBUG_INFORMATION_FORMAT = dwarf;
				ENABLE_STRICT_OBJC_MSGSEND = YES;
				ENABLE_TESTABILITY = YES;
				GCC_C_LANGUAGE_STANDARD = gnu11;
				GCC_DYNAMIC_NO_PIC = NO;
				GCC_NO_COMMON_BLOCKS = YES;
				GCC_OPTIMIZATION_LEVEL = 0;
				GCC_PREPROCESSOR_DEFINITIONS = (
					"DEBUG=1",
					"$(inherited)",
				);
				GCC_WARN_64_TO_32_BIT_CONVERSION = YES;
				GCC_WARN_ABOUT_RETURN_TYPE = YES_ERROR;
				GCC_WARN_UNDECLARED_SELECTOR = YES;
				GCC_WARN_UNINITIALIZED_AUTOS = YES_AGGRESSIVE;
				GCC_WARN_UNUSED_FUNCTION = YES;
				GCC_WARN_UNUSED_VARIABLE = YES;
				IPHONEOS_DEPLOYMENT_TARGET = 13.4;
				MTL_ENABLE_DEBUG_INFO = INCLUDE_SOURCE;
				MTL_FAST_MATH = YES;
				ONLY_ACTIVE_ARCH = YES;
				SDKROOT = iphoneos;
				SWIFT_ACTIVE_COMPILATION_CONDITIONS = DEBUG;
				SWIFT_OPTIMIZATION_LEVEL = "-Onone";
			};
			name = Debug;
		};
		CA57CD39248E5B0700C9F0AD /* Release */ = {
			isa = XCBuildConfiguration;
			buildSettings = {
				ALWAYS_SEARCH_USER_PATHS = NO;
				CLANG_ANALYZER_NONNULL = YES;
				CLANG_ANALYZER_NUMBER_OBJECT_CONVERSION = YES_AGGRESSIVE;
				CLANG_CXX_LANGUAGE_STANDARD = "gnu++14";
				CLANG_CXX_LIBRARY = "libc++";
				CLANG_ENABLE_MODULES = YES;
				CLANG_ENABLE_OBJC_ARC = YES;
				CLANG_ENABLE_OBJC_WEAK = YES;
				CLANG_WARN_BLOCK_CAPTURE_AUTORELEASING = YES;
				CLANG_WARN_BOOL_CONVERSION = YES;
				CLANG_WARN_COMMA = YES;
				CLANG_WARN_CONSTANT_CONVERSION = YES;
				CLANG_WARN_DEPRECATED_OBJC_IMPLEMENTATIONS = YES;
				CLANG_WARN_DIRECT_OBJC_ISA_USAGE = YES_ERROR;
				CLANG_WARN_DOCUMENTATION_COMMENTS = YES;
				CLANG_WARN_EMPTY_BODY = YES;
				CLANG_WARN_ENUM_CONVERSION = YES;
				CLANG_WARN_INFINITE_RECURSION = YES;
				CLANG_WARN_INT_CONVERSION = YES;
				CLANG_WARN_NON_LITERAL_NULL_CONVERSION = YES;
				CLANG_WARN_OBJC_IMPLICIT_RETAIN_SELF = YES;
				CLANG_WARN_OBJC_LITERAL_CONVERSION = YES;
				CLANG_WARN_OBJC_ROOT_CLASS = YES_ERROR;
				CLANG_WARN_RANGE_LOOP_ANALYSIS = YES;
				CLANG_WARN_STRICT_PROTOTYPES = YES;
				CLANG_WARN_SUSPICIOUS_MOVE = YES;
				CLANG_WARN_UNGUARDED_AVAILABILITY = YES_AGGRESSIVE;
				CLANG_WARN_UNREACHABLE_CODE = YES;
				CLANG_WARN__DUPLICATE_METHOD_MATCH = YES;
				COPY_PHASE_STRIP = NO;
				DEBUG_INFORMATION_FORMAT = "dwarf-with-dsym";
				ENABLE_NS_ASSERTIONS = NO;
				ENABLE_STRICT_OBJC_MSGSEND = YES;
				GCC_C_LANGUAGE_STANDARD = gnu11;
				GCC_NO_COMMON_BLOCKS = YES;
				GCC_WARN_64_TO_32_BIT_CONVERSION = YES;
				GCC_WARN_ABOUT_RETURN_TYPE = YES_ERROR;
				GCC_WARN_UNDECLARED_SELECTOR = YES;
				GCC_WARN_UNINITIALIZED_AUTOS = YES_AGGRESSIVE;
				GCC_WARN_UNUSED_FUNCTION = YES;
				GCC_WARN_UNUSED_VARIABLE = YES;
				IPHONEOS_DEPLOYMENT_TARGET = 13.4;
				MTL_ENABLE_DEBUG_INFO = NO;
				MTL_FAST_MATH = YES;
				SDKROOT = iphoneos;
				SWIFT_COMPILATION_MODE = wholemodule;
				SWIFT_OPTIMIZATION_LEVEL = "-O";
				VALIDATE_PRODUCT = YES;
			};
			name = Release;
		};
		CA57CD3B248E5B0700C9F0AD /* Debug */ = {
			isa = XCBuildConfiguration;
			baseConfigurationReference = 7EAF92520AA78BF7908DD6D9 /* Pods-AR-English.debug.xcconfig */;
			buildSettings = {
				ASSETCATALOG_COMPILER_APPICON_NAME = AppIcon;
				CODE_SIGN_STYLE = Automatic;
				DEVELOPMENT_ASSET_PATHS = "\"AR-English/Preview Content\"";
				DEVELOPMENT_TEAM = 7NZPBTA9R6;
				ENABLE_PREVIEWS = YES;
				INFOPLIST_FILE = "AR-English/Info.plist";
				LD_RUNPATH_SEARCH_PATHS = (
					"$(inherited)",
					"@executable_path/Frameworks",
				);
				PRODUCT_BUNDLE_IDENTIFIER = "com.perekrist.AR-English";
				PRODUCT_NAME = "$(TARGET_NAME)";
				SWIFT_VERSION = 5.0;
				TARGETED_DEVICE_FAMILY = "1,2";
			};
			name = Debug;
		};
		CA57CD3C248E5B0700C9F0AD /* Release */ = {
			isa = XCBuildConfiguration;
			baseConfigurationReference = 320EB6E5EC9E0C993228DE78 /* Pods-AR-English.release.xcconfig */;
			buildSettings = {
				ASSETCATALOG_COMPILER_APPICON_NAME = AppIcon;
				CODE_SIGN_STYLE = Automatic;
				DEVELOPMENT_ASSET_PATHS = "\"AR-English/Preview Content\"";
				DEVELOPMENT_TEAM = 7NZPBTA9R6;
				ENABLE_PREVIEWS = YES;
				INFOPLIST_FILE = "AR-English/Info.plist";
				LD_RUNPATH_SEARCH_PATHS = (
					"$(inherited)",
					"@executable_path/Frameworks",
				);
				PRODUCT_BUNDLE_IDENTIFIER = "com.perekrist.AR-English";
				PRODUCT_NAME = "$(TARGET_NAME)";
				SWIFT_VERSION = 5.0;
				TARGETED_DEVICE_FAMILY = "1,2";
			};
			name = Release;
		};
/* End XCBuildConfiguration section */

/* Begin XCConfigurationList section */
		CA57CD21248E5B0300C9F0AD /* Build configuration list for PBXProject "AR-English" */ = {
			isa = XCConfigurationList;
			buildConfigurations = (
				CA57CD38248E5B0700C9F0AD /* Debug */,
				CA57CD39248E5B0700C9F0AD /* Release */,
			);
			defaultConfigurationIsVisible = 0;
			defaultConfigurationName = Release;
		};
		CA57CD3A248E5B0700C9F0AD /* Build configuration list for PBXNativeTarget "AR-English" */ = {
			isa = XCConfigurationList;
			buildConfigurations = (
				CA57CD3B248E5B0700C9F0AD /* Debug */,
				CA57CD3C248E5B0700C9F0AD /* Release */,
			);
			defaultConfigurationIsVisible = 0;
			defaultConfigurationName = Release;
		};
/* End XCConfigurationList section */
	};
	rootObject = CA57CD1E248E5B0300C9F0AD /* Project object */;
}
